dependencies:
- name: nginx
  repository: https://charts.bitnami.com/bitnami
  version: 13.2.16
- name: ingressroute
  repository: https://charts.ryanackley.com
  version: 0.1.5
digest: sha256:45331a82310bb965c67c37951df8216060ff83f7bade6b7adab9a02858a3d67a
generated: "2022-12-12T21:09:44.6088224-05:00"
