dependencies:
- name: nginx
  repository: https://charts.bitnami.com/bitnami
  version: 13.2.12
- name: ingressroute
  repository: https://gitlab.com/api/v4/projects/34881477/packages/helm/stable
  version: 0.1.5
digest: sha256:7a9bf4124c82ee14070fe9dfe52774d69eb5cdd2fc8b500ae18bd5e8976f304e
generated: "2022-11-03T00:38:59.0341114-04:00"
